
Microsoft Visual Studio Solution File, Format Version 12.00
# Visual Studio Version 17
VisualStudioVersion = 17.1.32228.430
MinimumVisualStudioVersion = 10.0.40219.1
Project("{9A19103F-16F7-4668-BE54-9A1E7A4F7556}") = "Puti", "Puti\Puti.csproj", "{2E06728D-6709-4DE9-A4D3-274800402F36}"
EndProject
Project("{9A19103F-16F7-4668-BE54-9A1E7A4F7556}") = "Parsing", "Parsing\Parsing.csproj", "{3B90E346-C349-4B9D-B357-42C449FD86AB}"
EndProject
Global
	GlobalSection(SolutionConfigurationPlatforms) = preSolution
		Debug|Any CPU = Debug|Any CPU
		Release|Any CPU = Release|Any CPU
	EndGlobalSection
	GlobalSection(ProjectConfigurationPlatforms) = postSolution
		{2E06728D-6709-4DE9-A4D3-274800402F36}.Debug|Any CPU.ActiveCfg = Debug|Any CPU
		{2E06728D-6709-4DE9-A4D3-274800402F36}.Debug|Any CPU.Build.0 = Debug|Any CPU
		{2E06728D-6709-4DE9-A4D3-274800402F36}.Release|Any CPU.ActiveCfg = Release|Any CPU
		{2E06728D-6709-4DE9-A4D3-274800402F36}.Release|Any CPU.Build.0 = Release|Any CPU
		{3B90E346-C349-4B9D-B357-42C449FD86AB}.Debug|Any CPU.ActiveCfg = Debug|Any CPU
		{3B90E346-C349-4B9D-B357-42C449FD86AB}.Debug|Any CPU.Build.0 = Debug|Any CPU
		{3B90E346-C349-4B9D-B357-42C449FD86AB}.Release|Any CPU.ActiveCfg = Release|Any CPU
		{3B90E346-C349-4B9D-B357-42C449FD86AB}.Release|Any CPU.Build.0 = Release|Any CPU
	EndGlobalSection
	GlobalSection(SolutionProperties) = preSolution
		HideSolutionNode = FALSE
	EndGlobalSection
	GlobalSection(ExtensibilityGlobals) = postSolution
		SolutionGuid = {C0568C55-9DCC-449B-A5DB-1D88DA52C011}
	EndGlobalSection
EndGlobal
